
Microsoft Visual Studio Solution File, Format Version 12.00
# Visual Studio 14
VisualStudioVersion = 14.0.25420.1
MinimumVisualStudioVersion = 10.0.40219.1
Project("{FAE04EC0-301F-11D3-BF4B-00C04F79EFBC}") = "CenoCC", "CallCenterClient30\CenoCC.csproj", "{D4EF0BD0-B7D8-4B5D-9584-A6F19F6CED96}"
EndProject
Project("{FAE04EC0-301F-11D3-BF4B-00C04F79EFBC}") = "DataBaseUtil", "DataBaseUtil\DataBaseUtil.csproj", "{3B7E35E2-8EFC-4CFC-BEA5-85FF2CCEF846}"
EndProject
Project("{FAE04EC0-301F-11D3-BF4B-00C04F79EFBC}") = "Common", "Common\Common.csproj", "{F3E430BC-4CFB-4FA8-AEF2-2042A9EB956E}"
EndProject
Project("{FAE04EC0-301F-11D3-BF4B-00C04F79EFBC}") = "CenoSip", "CenoSip\CenoSip.csproj", "{BE502165-8899-4BF8-B371-85D8F33D4C20}"
EndProject
Project("{FAE04EC0-301F-11D3-BF4B-00C04F79EFBC}") = "CenoQnviccub", "CenoQnviccub\CenoQnviccub.csproj", "{C3F873C7-D929-492A-8970-0F5CE0B52923}"
EndProject
Project("{FAE04EC0-301F-11D3-BF4B-00C04F79EFBC}") = "DataBaseModel", "DataBaseModel\DataBaseModel.csproj", "{7149C7E8-22B0-458C-9CB5-83277285CDB7}"
EndProject
Project("{FAE04EC0-301F-11D3-BF4B-00C04F79EFBC}") = "WebBrowser", "WebBrowser\WebBrowser.csproj", "{434A2D9B-DD3E-434A-AF45-298EB35BCF5A}"
EndProject
Project("{FAE04EC0-301F-11D3-BF4B-00C04F79EFBC}") = "CenoSocket", "CenoSocket\CenoSocket.csproj", "{9620BBBF-DCC1-4D22-85BC-1E3F01C2BE2B}"
EndProject
Project("{2150E333-8FDC-42A3-9474-1A3956D46DE8}") = "_Extend_v1", "_Extend_v1", "{F57F06AE-7AE0-4647-B5D7-C189042F580C}"
EndProject
Project("{FAE04EC0-301F-11D3-BF4B-00C04F79EFBC}") = "Cmn_v1", "Cmn_v1\Cmn_v1.csproj", "{2F110C17-DA31-4642-86CD-D54618272D3F}"
EndProject
Project("{FAE04EC0-301F-11D3-BF4B-00C04F79EFBC}") = "Core_v1", "Core_v1\Core_v1.csproj", "{94E986AF-5284-4651-BACA-BB1F284A32D5}"
EndProject
Project("{FAE04EC0-301F-11D3-BF4B-00C04F79EFBC}") = "WebSocket_v1", "WebSocket_v1\WebSocket_v1.csproj", "{ECA2AB5E-B8E4-48B4-9296-92CC4F87C760}"
EndProject
Project("{FAE04EC0-301F-11D3-BF4B-00C04F79EFBC}") = "Model_v1", "Model_v1\Model_v1.csproj", "{535D5EE0-B010-409C-8777-7ABEB360919D}"
EndProject
Project("{FAE04EC0-301F-11D3-BF4B-00C04F79EFBC}") = "Query_v1", "Query_v1\Query_v1.csproj", "{D9A93582-D397-421B-B22B-888E0FA78608}"
EndProject
Project("{FAE04EC0-301F-11D3-BF4B-00C04F79EFBC}") = "Update", "Update\Update.csproj", "{4C2515A8-F071-4977-8B41-E741803594CA}"
EndProject
Global
	GlobalSection(SolutionConfigurationPlatforms) = preSolution
		CD_ROM|Any CPU = CD_ROM|Any CPU
		CD_ROM|x64 = CD_ROM|x64
		CD_ROM|x86 = CD_ROM|x86
		Debug|Any CPU = Debug|Any CPU
		Debug|x64 = Debug|x64
		Debug|x86 = Debug|x86
		DVD-5|Any CPU = DVD-5|Any CPU
		DVD-5|x64 = DVD-5|x64
		DVD-5|x86 = DVD-5|x86
		Release|Any CPU = Release|Any CPU
		Release|x64 = Release|x64
		Release|x86 = Release|x86
		SingleImage|Any CPU = SingleImage|Any CPU
		SingleImage|x64 = SingleImage|x64
		SingleImage|x86 = SingleImage|x86
	EndGlobalSection
	GlobalSection(ProjectConfigurationPlatforms) = postSolution
		{D4EF0BD0-B7D8-4B5D-9584-A6F19F6CED96}.CD_ROM|Any CPU.ActiveCfg = Release|Any CPU
		{D4EF0BD0-B7D8-4B5D-9584-A6F19F6CED96}.CD_ROM|Any CPU.Build.0 = Release|Any CPU
		{D4EF0BD0-B7D8-4B5D-9584-A6F19F6CED96}.CD_ROM|x64.ActiveCfg = Release|x64
		{D4EF0BD0-B7D8-4B5D-9584-A6F19F6CED96}.CD_ROM|x64.Build.0 = Release|x64
		{D4EF0BD0-B7D8-4B5D-9584-A6F19F6CED96}.CD_ROM|x86.ActiveCfg = Release|x86
		{D4EF0BD0-B7D8-4B5D-9584-A6F19F6CED96}.CD_ROM|x86.Build.0 = Release|x86
		{D4EF0BD0-B7D8-4B5D-9584-A6F19F6CED96}.Debug|Any CPU.ActiveCfg = Debug|Any CPU
		{D4EF0BD0-B7D8-4B5D-9584-A6F19F6CED96}.Debug|Any CPU.Build.0 = Debug|Any CPU
		{D4EF0BD0-B7D8-4B5D-9584-A6F19F6CED96}.Debug|x64.ActiveCfg = Debug|x64
		{D4EF0BD0-B7D8-4B5D-9584-A6F19F6CED96}.Debug|x64.Build.0 = Debug|x64
		{D4EF0BD0-B7D8-4B5D-9584-A6F19F6CED96}.Debug|x86.ActiveCfg = Debug|x86
		{D4EF0BD0-B7D8-4B5D-9584-A6F19F6CED96}.Debug|x86.Build.0 = Debug|x86
		{D4EF0BD0-B7D8-4B5D-9584-A6F19F6CED96}.DVD-5|Any CPU.ActiveCfg = Debug|Any CPU
		{D4EF0BD0-B7D8-4B5D-9584-A6F19F6CED96}.DVD-5|Any CPU.Build.0 = Debug|Any CPU
		{D4EF0BD0-B7D8-4B5D-9584-A6F19F6CED96}.DVD-5|x64.ActiveCfg = Debug|x64
		{D4EF0BD0-B7D8-4B5D-9584-A6F19F6CED96}.DVD-5|x64.Build.0 = Debug|x64
		{D4EF0BD0-B7D8-4B5D-9584-A6F19F6CED96}.DVD-5|x86.ActiveCfg = Debug|x86
		{D4EF0BD0-B7D8-4B5D-9584-A6F19F6CED96}.DVD-5|x86.Build.0 = Debug|x86
		{D4EF0BD0-B7D8-4B5D-9584-A6F19F6CED96}.Release|Any CPU.ActiveCfg = Release|Any CPU
		{D4EF0BD0-B7D8-4B5D-9584-A6F19F6CED96}.Release|Any CPU.Build.0 = Release|Any CPU
		{D4EF0BD0-B7D8-4B5D-9584-A6F19F6CED96}.Release|x64.ActiveCfg = Release|x64
		{D4EF0BD0-B7D8-4B5D-9584-A6F19F6CED96}.Release|x64.Build.0 = Release|x64
		{D4EF0BD0-B7D8-4B5D-9584-A6F19F6CED96}.Release|x86.ActiveCfg = Release|x86
		{D4EF0BD0-B7D8-4B5D-9584-A6F19F6CED96}.Release|x86.Build.0 = Release|x86
		{D4EF0BD0-B7D8-4B5D-9584-A6F19F6CED96}.SingleImage|Any CPU.ActiveCfg = Release|Any CPU
		{D4EF0BD0-B7D8-4B5D-9584-A6F19F6CED96}.SingleImage|Any CPU.Build.0 = Release|Any CPU
		{D4EF0BD0-B7D8-4B5D-9584-A6F19F6CED96}.SingleImage|x64.ActiveCfg = Release|x64
		{D4EF0BD0-B7D8-4B5D-9584-A6F19F6CED96}.SingleImage|x64.Build.0 = Release|x64
		{D4EF0BD0-B7D8-4B5D-9584-A6F19F6CED96}.SingleImage|x86.ActiveCfg = Release|x86
		{D4EF0BD0-B7D8-4B5D-9584-A6F19F6CED96}.SingleImage|x86.Build.0 = Release|x86
		{3B7E35E2-8EFC-4CFC-BEA5-85FF2CCEF846}.CD_ROM|Any CPU.ActiveCfg = Release|Any CPU
		{3B7E35E2-8EFC-4CFC-BEA5-85FF2CCEF846}.CD_ROM|Any CPU.Build.0 = Release|Any CPU
		{3B7E35E2-8EFC-4CFC-BEA5-85FF2CCEF846}.CD_ROM|x64.ActiveCfg = Release|x64
		{3B7E35E2-8EFC-4CFC-BEA5-85FF2CCEF846}.CD_ROM|x64.Build.0 = Release|x64
		{3B7E35E2-8EFC-4CFC-BEA5-85FF2CCEF846}.CD_ROM|x86.ActiveCfg = Release|x86
		{3B7E35E2-8EFC-4CFC-BEA5-85FF2CCEF846}.CD_ROM|x86.Build.0 = Release|x86
		{3B7E35E2-8EFC-4CFC-BEA5-85FF2CCEF846}.Debug|Any CPU.ActiveCfg = Debug|Any CPU
		{3B7E35E2-8EFC-4CFC-BEA5-85FF2CCEF846}.Debug|Any CPU.Build.0 = Debug|Any CPU
		{3B7E35E2-8EFC-4CFC-BEA5-85FF2CCEF846}.Debug|x64.ActiveCfg = Debug|x64
		{3B7E35E2-8EFC-4CFC-BEA5-85FF2CCEF846}.Debug|x64.Build.0 = Debug|x64
		{3B7E35E2-8EFC-4CFC-BEA5-85FF2CCEF846}.Debug|x86.ActiveCfg = Debug|x86
		{3B7E35E2-8EFC-4CFC-BEA5-85FF2CCEF846}.Debug|x86.Build.0 = Debug|x86
		{3B7E35E2-8EFC-4CFC-BEA5-85FF2CCEF846}.DVD-5|Any CPU.ActiveCfg = Debug|Any CPU
		{3B7E35E2-8EFC-4CFC-BEA5-85FF2CCEF846}.DVD-5|Any CPU.Build.0 = Debug|Any CPU
		{3B7E35E2-8EFC-4CFC-BEA5-85FF2CCEF846}.DVD-5|x64.ActiveCfg = Debug|x64
		{3B7E35E2-8EFC-4CFC-BEA5-85FF2CCEF846}.DVD-5|x64.Build.0 = Debug|x64
		{3B7E35E2-8EFC-4CFC-BEA5-85FF2CCEF846}.DVD-5|x86.ActiveCfg = Debug|x86
		{3B7E35E2-8EFC-4CFC-BEA5-85FF2CCEF846}.DVD-5|x86.Build.0 = Debug|x86
		{3B7E35E2-8EFC-4CFC-BEA5-85FF2CCEF846}.Release|Any CPU.ActiveCfg = Release|Any CPU
		{3B7E35E2-8EFC-4CFC-BEA5-85FF2CCEF846}.Release|Any CPU.Build.0 = Release|Any CPU
		{3B7E35E2-8EFC-4CFC-BEA5-85FF2CCEF846}.Release|x64.ActiveCfg = Release|x64
		{3B7E35E2-8EFC-4CFC-BEA5-85FF2CCEF846}.Release|x64.Build.0 = Release|x64
		{3B7E35E2-8EFC-4CFC-BEA5-85FF2CCEF846}.Release|x86.ActiveCfg = Release|x86
		{3B7E35E2-8EFC-4CFC-BEA5-85FF2CCEF846}.Release|x86.Build.0 = Release|x86
		{3B7E35E2-8EFC-4CFC-BEA5-85FF2CCEF846}.SingleImage|Any CPU.ActiveCfg = Release|Any CPU
		{3B7E35E2-8EFC-4CFC-BEA5-85FF2CCEF846}.SingleImage|Any CPU.Build.0 = Release|Any CPU
		{3B7E35E2-8EFC-4CFC-BEA5-85FF2CCEF846}.SingleImage|x64.ActiveCfg = Release|x64
		{3B7E35E2-8EFC-4CFC-BEA5-85FF2CCEF846}.SingleImage|x64.Build.0 = Release|x64
		{3B7E35E2-8EFC-4CFC-BEA5-85FF2CCEF846}.SingleImage|x86.ActiveCfg = Release|x86
		{3B7E35E2-8EFC-4CFC-BEA5-85FF2CCEF846}.SingleImage|x86.Build.0 = Release|x86
		{F3E430BC-4CFB-4FA8-AEF2-2042A9EB956E}.CD_ROM|Any CPU.ActiveCfg = Release|Any CPU
		{F3E430BC-4CFB-4FA8-AEF2-2042A9EB956E}.CD_ROM|Any CPU.Build.0 = Release|Any CPU
		{F3E430BC-4CFB-4FA8-AEF2-2042A9EB956E}.CD_ROM|x64.ActiveCfg = Release|x64
		{F3E430BC-4CFB-4FA8-AEF2-2042A9EB956E}.CD_ROM|x64.Build.0 = Release|x64
		{F3E430BC-4CFB-4FA8-AEF2-2042A9EB956E}.CD_ROM|x86.ActiveCfg = Release|x86
		{F3E430BC-4CFB-4FA8-AEF2-2042A9EB956E}.CD_ROM|x86.Build.0 = Release|x86
		{F3E430BC-4CFB-4FA8-AEF2-2042A9EB956E}.Debug|Any CPU.ActiveCfg = Debug|Any CPU
		{F3E430BC-4CFB-4FA8-AEF2-2042A9EB956E}.Debug|Any CPU.Build.0 = Debug|Any CPU
		{F3E430BC-4CFB-4FA8-AEF2-2042A9EB956E}.Debug|x64.ActiveCfg = Debug|x64
		{F3E430BC-4CFB-4FA8-AEF2-2042A9EB956E}.Debug|x64.Build.0 = Debug|x64
		{F3E430BC-4CFB-4FA8-AEF2-2042A9EB956E}.Debug|x86.ActiveCfg = Debug|x86
		{F3E430BC-4CFB-4FA8-AEF2-2042A9EB956E}.Debug|x86.Build.0 = Debug|x86
		{F3E430BC-4CFB-4FA8-AEF2-2042A9EB956E}.DVD-5|Any CPU.ActiveCfg = Debug|Any CPU
		{F3E430BC-4CFB-4FA8-AEF2-2042A9EB956E}.DVD-5|Any CPU.Build.0 = Debug|Any CPU
		{F3E430BC-4CFB-4FA8-AEF2-2042A9EB956E}.DVD-5|x64.ActiveCfg = Debug|x64
		{F3E430BC-4CFB-4FA8-AEF2-2042A9EB956E}.DVD-5|x64.Build.0 = Debug|x64
		{F3E430BC-4CFB-4FA8-AEF2-2042A9EB956E}.DVD-5|x86.ActiveCfg = Debug|x86
		{F3E430BC-4CFB-4FA8-AEF2-2042A9EB956E}.DVD-5|x86.Build.0 = Debug|x86
		{F3E430BC-4CFB-4FA8-AEF2-2042A9EB956E}.Release|Any CPU.ActiveCfg = Release|Any CPU
		{F3E430BC-4CFB-4FA8-AEF2-2042A9EB956E}.Release|Any CPU.Build.0 = Release|Any CPU
		{F3E430BC-4CFB-4FA8-AEF2-2042A9EB956E}.Release|x64.ActiveCfg = Release|x64
		{F3E430BC-4CFB-4FA8-AEF2-2042A9EB956E}.Release|x64.Build.0 = Release|x64
		{F3E430BC-4CFB-4FA8-AEF2-2042A9EB956E}.Release|x86.ActiveCfg = Release|x86
		{F3E430BC-4CFB-4FA8-AEF2-2042A9EB956E}.Release|x86.Build.0 = Release|x86
		{F3E430BC-4CFB-4FA8-AEF2-2042A9EB956E}.SingleImage|Any CPU.ActiveCfg = Release|Any CPU
		{F3E430BC-4CFB-4FA8-AEF2-2042A9EB956E}.SingleImage|Any CPU.Build.0 = Release|Any CPU
		{F3E430BC-4CFB-4FA8-AEF2-2042A9EB956E}.SingleImage|x64.ActiveCfg = Release|x64
		{F3E430BC-4CFB-4FA8-AEF2-2042A9EB956E}.SingleImage|x64.Build.0 = Release|x64
		{F3E430BC-4CFB-4FA8-AEF2-2042A9EB956E}.SingleImage|x86.ActiveCfg = Release|x86
		{F3E430BC-4CFB-4FA8-AEF2-2042A9EB956E}.SingleImage|x86.Build.0 = Release|x86
		{BE502165-8899-4BF8-B371-85D8F33D4C20}.CD_ROM|Any CPU.ActiveCfg = Release|Any CPU
		{BE502165-8899-4BF8-B371-85D8F33D4C20}.CD_ROM|Any CPU.Build.0 = Release|Any CPU
		{BE502165-8899-4BF8-B371-85D8F33D4C20}.CD_ROM|x64.ActiveCfg = Release|x64
		{BE502165-8899-4BF8-B371-85D8F33D4C20}.CD_ROM|x64.Build.0 = Release|x64
		{BE502165-8899-4BF8-B371-85D8F33D4C20}.CD_ROM|x86.ActiveCfg = Release|x86
		{BE502165-8899-4BF8-B371-85D8F33D4C20}.CD_ROM|x86.Build.0 = Release|x86
		{BE502165-8899-4BF8-B371-85D8F33D4C20}.Debug|Any CPU.ActiveCfg = Debug|Any CPU
		{BE502165-8899-4BF8-B371-85D8F33D4C20}.Debug|Any CPU.Build.0 = Debug|Any CPU
		{BE502165-8899-4BF8-B371-85D8F33D4C20}.Debug|x64.ActiveCfg = Debug|x64
		{BE502165-8899-4BF8-B371-85D8F33D4C20}.Debug|x64.Build.0 = Debug|x64
		{BE502165-8899-4BF8-B371-85D8F33D4C20}.Debug|x86.ActiveCfg = Debug|x86
		{BE502165-8899-4BF8-B371-85D8F33D4C20}.Debug|x86.Build.0 = Debug|x86
		{BE502165-8899-4BF8-B371-85D8F33D4C20}.DVD-5|Any CPU.ActiveCfg = Debug|Any CPU
		{BE502165-8899-4BF8-B371-85D8F33D4C20}.DVD-5|Any CPU.Build.0 = Debug|Any CPU
		{BE502165-8899-4BF8-B371-85D8F33D4C20}.DVD-5|x64.ActiveCfg = Debug|x64
		{BE502165-8899-4BF8-B371-85D8F33D4C20}.DVD-5|x64.Build.0 = Debug|x64
		{BE502165-8899-4BF8-B371-85D8F33D4C20}.DVD-5|x86.ActiveCfg = Debug|x86
		{BE502165-8899-4BF8-B371-85D8F33D4C20}.DVD-5|x86.Build.0 = Debug|x86
		{BE502165-8899-4BF8-B371-85D8F33D4C20}.Release|Any CPU.ActiveCfg = Release|Any CPU
		{BE502165-8899-4BF8-B371-85D8F33D4C20}.Release|Any CPU.Build.0 = Release|Any CPU
		{BE502165-8899-4BF8-B371-85D8F33D4C20}.Release|x64.ActiveCfg = Release|x64
		{BE502165-8899-4BF8-B371-85D8F33D4C20}.Release|x64.Build.0 = Release|x64
		{BE502165-8899-4BF8-B371-85D8F33D4C20}.Release|x86.ActiveCfg = Release|x86
		{BE502165-8899-4BF8-B371-85D8F33D4C20}.Release|x86.Build.0 = Release|x86
		{BE502165-8899-4BF8-B371-85D8F33D4C20}.SingleImage|Any CPU.ActiveCfg = Release|Any CPU
		{BE502165-8899-4BF8-B371-85D8F33D4C20}.SingleImage|Any CPU.Build.0 = Release|Any CPU
		{BE502165-8899-4BF8-B371-85D8F33D4C20}.SingleImage|x64.ActiveCfg = Release|x64
		{BE502165-8899-4BF8-B371-85D8F33D4C20}.SingleImage|x64.Build.0 = Release|x64
		{BE502165-8899-4BF8-B371-85D8F33D4C20}.SingleImage|x86.ActiveCfg = Release|x86
		{BE502165-8899-4BF8-B371-85D8F33D4C20}.SingleImage|x86.Build.0 = Release|x86
		{C3F873C7-D929-492A-8970-0F5CE0B52923}.CD_ROM|Any CPU.ActiveCfg = Release|Any CPU
		{C3F873C7-D929-492A-8970-0F5CE0B52923}.CD_ROM|Any CPU.Build.0 = Release|Any CPU
		{C3F873C7-D929-492A-8970-0F5CE0B52923}.CD_ROM|x64.ActiveCfg = Release|x64
		{C3F873C7-D929-492A-8970-0F5CE0B52923}.CD_ROM|x64.Build.0 = Release|x64
		{C3F873C7-D929-492A-8970-0F5CE0B52923}.CD_ROM|x86.ActiveCfg = Release|x86
		{C3F873C7-D929-492A-8970-0F5CE0B52923}.CD_ROM|x86.Build.0 = Release|x86
		{C3F873C7-D929-492A-8970-0F5CE0B52923}.Debug|Any CPU.ActiveCfg = Debug|Any CPU
		{C3F873C7-D929-492A-8970-0F5CE0B52923}.Debug|Any CPU.Build.0 = Debug|Any CPU
		{C3F873C7-D929-492A-8970-0F5CE0B52923}.Debug|x64.ActiveCfg = Debug|x64
		{C3F873C7-D929-492A-8970-0F5CE0B52923}.Debug|x64.Build.0 = Debug|x64
		{C3F873C7-D929-492A-8970-0F5CE0B52923}.Debug|x86.ActiveCfg = Debug|x86
		{C3F873C7-D929-492A-8970-0F5CE0B52923}.Debug|x86.Build.0 = Debug|x86
		{C3F873C7-D929-492A-8970-0F5CE0B52923}.DVD-5|Any CPU.ActiveCfg = Debug|Any CPU
		{C3F873C7-D929-492A-8970-0F5CE0B52923}.DVD-5|Any CPU.Build.0 = Debug|Any CPU
		{C3F873C7-D929-492A-8970-0F5CE0B52923}.DVD-5|x64.ActiveCfg = Debug|x64
		{C3F873C7-D929-492A-8970-0F5CE0B52923}.DVD-5|x64.Build.0 = Debug|x64
		{C3F873C7-D929-492A-8970-0F5CE0B52923}.DVD-5|x86.ActiveCfg = Debug|x86
		{C3F873C7-D929-492A-8970-0F5CE0B52923}.DVD-5|x86.Build.0 = Debug|x86
		{C3F873C7-D929-492A-8970-0F5CE0B52923}.Release|Any CPU.ActiveCfg = Release|Any CPU
		{C3F873C7-D929-492A-8970-0F5CE0B52923}.Release|Any CPU.Build.0 = Release|Any CPU
		{C3F873C7-D929-492A-8970-0F5CE0B52923}.Release|x64.ActiveCfg = Release|x64
		{C3F873C7-D929-492A-8970-0F5CE0B52923}.Release|x64.Build.0 = Release|x64
		{C3F873C7-D929-492A-8970-0F5CE0B52923}.Release|x86.ActiveCfg = Release|x86
		{C3F873C7-D929-492A-8970-0F5CE0B52923}.Release|x86.Build.0 = Release|x86
		{C3F873C7-D929-492A-8970-0F5CE0B52923}.SingleImage|Any CPU.ActiveCfg = Release|Any CPU
		{C3F873C7-D929-492A-8970-0F5CE0B52923}.SingleImage|Any CPU.Build.0 = Release|Any CPU
		{C3F873C7-D929-492A-8970-0F5CE0B52923}.SingleImage|x64.ActiveCfg = Release|x64
		{C3F873C7-D929-492A-8970-0F5CE0B52923}.SingleImage|x64.Build.0 = Release|x64
		{C3F873C7-D929-492A-8970-0F5CE0B52923}.SingleImage|x86.ActiveCfg = Release|x86
		{C3F873C7-D929-492A-8970-0F5CE0B52923}.SingleImage|x86.Build.0 = Release|x86
		{7149C7E8-22B0-458C-9CB5-83277285CDB7}.CD_ROM|Any CPU.ActiveCfg = Release|Any CPU
		{7149C7E8-22B0-458C-9CB5-83277285CDB7}.CD_ROM|Any CPU.Build.0 = Release|Any CPU
		{7149C7E8-22B0-458C-9CB5-83277285CDB7}.CD_ROM|x64.ActiveCfg = Release|x64
		{7149C7E8-22B0-458C-9CB5-83277285CDB7}.CD_ROM|x64.Build.0 = Release|x64
		{7149C7E8-22B0-458C-9CB5-83277285CDB7}.CD_ROM|x86.ActiveCfg = Release|x86
		{7149C7E8-22B0-458C-9CB5-83277285CDB7}.CD_ROM|x86.Build.0 = Release|x86
		{7149C7E8-22B0-458C-9CB5-83277285CDB7}.Debug|Any CPU.ActiveCfg = Debug|Any CPU
		{7149C7E8-22B0-458C-9CB5-83277285CDB7}.Debug|Any CPU.Build.0 = Debug|Any CPU
		{7149C7E8-22B0-458C-9CB5-83277285CDB7}.Debug|x64.ActiveCfg = Debug|x64
		{7149C7E8-22B0-458C-9CB5-83277285CDB7}.Debug|x64.Build.0 = Debug|x64
		{7149C7E8-22B0-458C-9CB5-83277285CDB7}.Debug|x86.ActiveCfg = Debug|x86
		{7149C7E8-22B0-458C-9CB5-83277285CDB7}.Debug|x86.Build.0 = Debug|x86
		{7149C7E8-22B0-458C-9CB5-83277285CDB7}.DVD-5|Any CPU.ActiveCfg = Debug|Any CPU
		{7149C7E8-22B0-458C-9CB5-83277285CDB7}.DVD-5|Any CPU.Build.0 = Debug|Any CPU
		{7149C7E8-22B0-458C-9CB5-83277285CDB7}.DVD-5|x64.ActiveCfg = Debug|x64
		{7149C7E8-22B0-458C-9CB5-83277285CDB7}.DVD-5|x64.Build.0 = Debug|x64
		{7149C7E8-22B0-458C-9CB5-83277285CDB7}.DVD-5|x86.ActiveCfg = Debug|x86
		{7149C7E8-22B0-458C-9CB5-83277285CDB7}.DVD-5|x86.Build.0 = Debug|x86
		{7149C7E8-22B0-458C-9CB5-83277285CDB7}.Release|Any CPU.ActiveCfg = Release|Any CPU
		{7149C7E8-22B0-458C-9CB5-83277285CDB7}.Release|Any CPU.Build.0 = Release|Any CPU
		{7149C7E8-22B0-458C-9CB5-83277285CDB7}.Release|x64.ActiveCfg = Release|x64
		{7149C7E8-22B0-458C-9CB5-83277285CDB7}.Release|x64.Build.0 = Release|x64
		{7149C7E8-22B0-458C-9CB5-83277285CDB7}.Release|x86.ActiveCfg = Release|x86
		{7149C7E8-22B0-458C-9CB5-83277285CDB7}.Release|x86.Build.0 = Release|x86
		{7149C7E8-22B0-458C-9CB5-83277285CDB7}.SingleImage|Any CPU.ActiveCfg = Release|Any CPU
		{7149C7E8-22B0-458C-9CB5-83277285CDB7}.SingleImage|Any CPU.Build.0 = Release|Any CPU
		{7149C7E8-22B0-458C-9CB5-83277285CDB7}.SingleImage|x64.ActiveCfg = Release|x64
		{7149C7E8-22B0-458C-9CB5-83277285CDB7}.SingleImage|x64.Build.0 = Release|x64
		{7149C7E8-22B0-458C-9CB5-83277285CDB7}.SingleImage|x86.ActiveCfg = Release|x86
		{7149C7E8-22B0-458C-9CB5-83277285CDB7}.SingleImage|x86.Build.0 = Release|x86
		{434A2D9B-DD3E-434A-AF45-298EB35BCF5A}.CD_ROM|Any CPU.ActiveCfg = Release|Any CPU
		{434A2D9B-DD3E-434A-AF45-298EB35BCF5A}.CD_ROM|Any CPU.Build.0 = Release|Any CPU
		{434A2D9B-DD3E-434A-AF45-298EB35BCF5A}.CD_ROM|x64.ActiveCfg = Release|x64
		{434A2D9B-DD3E-434A-AF45-298EB35BCF5A}.CD_ROM|x64.Build.0 = Release|x64
		{434A2D9B-DD3E-434A-AF45-298EB35BCF5A}.CD_ROM|x86.ActiveCfg = Release|x86
		{434A2D9B-DD3E-434A-AF45-298EB35BCF5A}.CD_ROM|x86.Build.0 = Release|x86
		{434A2D9B-DD3E-434A-AF45-298EB35BCF5A}.Debug|Any CPU.ActiveCfg = Debug|Any CPU
		{434A2D9B-DD3E-434A-AF45-298EB35BCF5A}.Debug|Any CPU.Build.0 = Debug|Any CPU
		{434A2D9B-DD3E-434A-AF45-298EB35BCF5A}.Debug|x64.ActiveCfg = Debug|x64
		{434A2D9B-DD3E-434A-AF45-298EB35BCF5A}.Debug|x64.Build.0 = Debug|x64
		{434A2D9B-DD3E-434A-AF45-298EB35BCF5A}.Debug|x86.ActiveCfg = Debug|x86
		{434A2D9B-DD3E-434A-AF45-298EB35BCF5A}.Debug|x86.Build.0 = Debug|x86
		{434A2D9B-DD3E-434A-AF45-298EB35BCF5A}.DVD-5|Any CPU.ActiveCfg = Debug|Any CPU
		{434A2D9B-DD3E-434A-AF45-298EB35BCF5A}.DVD-5|Any CPU.Build.0 = Debug|Any CPU
		{434A2D9B-DD3E-434A-AF45-298EB35BCF5A}.DVD-5|x64.ActiveCfg = Debug|x64
		{434A2D9B-DD3E-434A-AF45-298EB35BCF5A}.DVD-5|x64.Build.0 = Debug|x64
		{434A2D9B-DD3E-434A-AF45-298EB35BCF5A}.DVD-5|x86.ActiveCfg = Debug|x86
		{434A2D9B-DD3E-434A-AF45-298EB35BCF5A}.DVD-5|x86.Build.0 = Debug|x86
		{434A2D9B-DD3E-434A-AF45-298EB35BCF5A}.Release|Any CPU.ActiveCfg = Release|Any CPU
		{434A2D9B-DD3E-434A-AF45-298EB35BCF5A}.Release|Any CPU.Build.0 = Release|Any CPU
		{434A2D9B-DD3E-434A-AF45-298EB35BCF5A}.Release|x64.ActiveCfg = Release|x64
		{434A2D9B-DD3E-434A-AF45-298EB35BCF5A}.Release|x64.Build.0 = Release|x64
		{434A2D9B-DD3E-434A-AF45-298EB35BCF5A}.Release|x86.ActiveCfg = Release|x86
		{434A2D9B-DD3E-434A-AF45-298EB35BCF5A}.Release|x86.Build.0 = Release|x86
		{434A2D9B-DD3E-434A-AF45-298EB35BCF5A}.SingleImage|Any CPU.ActiveCfg = Release|Any CPU
		{434A2D9B-DD3E-434A-AF45-298EB35BCF5A}.SingleImage|Any CPU.Build.0 = Release|Any CPU
		{434A2D9B-DD3E-434A-AF45-298EB35BCF5A}.SingleImage|x64.ActiveCfg = Release|x64
		{434A2D9B-DD3E-434A-AF45-298EB35BCF5A}.SingleImage|x64.Build.0 = Release|x64
		{434A2D9B-DD3E-434A-AF45-298EB35BCF5A}.SingleImage|x86.ActiveCfg = Release|x86
		{434A2D9B-DD3E-434A-AF45-298EB35BCF5A}.SingleImage|x86.Build.0 = Release|x86
		{9620BBBF-DCC1-4D22-85BC-1E3F01C2BE2B}.CD_ROM|Any CPU.ActiveCfg = Release|Any CPU
		{9620BBBF-DCC1-4D22-85BC-1E3F01C2BE2B}.CD_ROM|Any CPU.Build.0 = Release|Any CPU
		{9620BBBF-DCC1-4D22-85BC-1E3F01C2BE2B}.CD_ROM|x64.ActiveCfg = Release|x64
		{9620BBBF-DCC1-4D22-85BC-1E3F01C2BE2B}.CD_ROM|x64.Build.0 = Release|x64
		{9620BBBF-DCC1-4D22-85BC-1E3F01C2BE2B}.CD_ROM|x86.ActiveCfg = Release|x86
		{9620BBBF-DCC1-4D22-85BC-1E3F01C2BE2B}.CD_ROM|x86.Build.0 = Release|x86
		{9620BBBF-DCC1-4D22-85BC-1E3F01C2BE2B}.Debug|Any CPU.ActiveCfg = Debug|Any CPU
		{9620BBBF-DCC1-4D22-85BC-1E3F01C2BE2B}.Debug|Any CPU.Build.0 = Debug|Any CPU
		{9620BBBF-DCC1-4D22-85BC-1E3F01C2BE2B}.Debug|x64.ActiveCfg = Debug|x64
		{9620BBBF-DCC1-4D22-85BC-1E3F01C2BE2B}.Debug|x64.Build.0 = Debug|x64
		{9620BBBF-DCC1-4D22-85BC-1E3F01C2BE2B}.Debug|x86.ActiveCfg = Debug|x86
		{9620BBBF-DCC1-4D22-85BC-1E3F01C2BE2B}.Debug|x86.Build.0 = Debug|x86
		{9620BBBF-DCC1-4D22-85BC-1E3F01C2BE2B}.DVD-5|Any CPU.ActiveCfg = Debug|Any CPU
		{9620BBBF-DCC1-4D22-85BC-1E3F01C2BE2B}.DVD-5|Any CPU.Build.0 = Debug|Any CPU
		{9620BBBF-DCC1-4D22-85BC-1E3F01C2BE2B}.DVD-5|x64.ActiveCfg = Debug|x64
		{9620BBBF-DCC1-4D22-85BC-1E3F01C2BE2B}.DVD-5|x64.Build.0 = Debug|x64
		{9620BBBF-DCC1-4D22-85BC-1E3F01C2BE2B}.DVD-5|x86.ActiveCfg = Debug|x86
		{9620BBBF-DCC1-4D22-85BC-1E3F01C2BE2B}.DVD-5|x86.Build.0 = Debug|x86
		{9620BBBF-DCC1-4D22-85BC-1E3F01C2BE2B}.Release|Any CPU.ActiveCfg = Release|Any CPU
		{9620BBBF-DCC1-4D22-85BC-1E3F01C2BE2B}.Release|Any CPU.Build.0 = Release|Any CPU
		{9620BBBF-DCC1-4D22-85BC-1E3F01C2BE2B}.Release|x64.ActiveCfg = Release|x64
		{9620BBBF-DCC1-4D22-85BC-1E3F01C2BE2B}.Release|x64.Build.0 = Release|x64
		{9620BBBF-DCC1-4D22-85BC-1E3F01C2BE2B}.Release|x86.ActiveCfg = Release|x86
		{9620BBBF-DCC1-4D22-85BC-1E3F01C2BE2B}.Release|x86.Build.0 = Release|x86
		{9620BBBF-DCC1-4D22-85BC-1E3F01C2BE2B}.SingleImage|Any CPU.ActiveCfg = Release|Any CPU
		{9620BBBF-DCC1-4D22-85BC-1E3F01C2BE2B}.SingleImage|Any CPU.Build.0 = Release|Any CPU
		{9620BBBF-DCC1-4D22-85BC-1E3F01C2BE2B}.SingleImage|x64.ActiveCfg = Release|x64
		{9620BBBF-DCC1-4D22-85BC-1E3F01C2BE2B}.SingleImage|x64.Build.0 = Release|x64
		{9620BBBF-DCC1-4D22-85BC-1E3F01C2BE2B}.SingleImage|x86.ActiveCfg = Release|x86
		{9620BBBF-DCC1-4D22-85BC-1E3F01C2BE2B}.SingleImage|x86.Build.0 = Release|x86
		{2F110C17-DA31-4642-86CD-D54618272D3F}.CD_ROM|Any CPU.ActiveCfg = Release|Any CPU
		{2F110C17-DA31-4642-86CD-D54618272D3F}.CD_ROM|Any CPU.Build.0 = Release|Any CPU
		{2F110C17-DA31-4642-86CD-D54618272D3F}.CD_ROM|x64.ActiveCfg = Release|x64
		{2F110C17-DA31-4642-86CD-D54618272D3F}.CD_ROM|x64.Build.0 = Release|x64
		{2F110C17-DA31-4642-86CD-D54618272D3F}.CD_ROM|x86.ActiveCfg = Release|x86
		{2F110C17-DA31-4642-86CD-D54618272D3F}.CD_ROM|x86.Build.0 = Release|x86
		{2F110C17-DA31-4642-86CD-D54618272D3F}.Debug|Any CPU.ActiveCfg = Debug|Any CPU
		{2F110C17-DA31-4642-86CD-D54618272D3F}.Debug|Any CPU.Build.0 = Debug|Any CPU
		{2F110C17-DA31-4642-86CD-D54618272D3F}.Debug|x64.ActiveCfg = Debug|x64
		{2F110C17-DA31-4642-86CD-D54618272D3F}.Debug|x64.Build.0 = Debug|x64
		{2F110C17-DA31-4642-86CD-D54618272D3F}.Debug|x86.ActiveCfg = Debug|x86
		{2F110C17-DA31-4642-86CD-D54618272D3F}.Debug|x86.Build.0 = Debug|x86
		{2F110C17-DA31-4642-86CD-D54618272D3F}.DVD-5|Any CPU.ActiveCfg = Debug|Any CPU
		{2F110C17-DA31-4642-86CD-D54618272D3F}.DVD-5|Any CPU.Build.0 = Debug|Any CPU
		{2F110C17-DA31-4642-86CD-D54618272D3F}.DVD-5|x64.ActiveCfg = Debug|x64
		{2F110C17-DA31-4642-86CD-D54618272D3F}.DVD-5|x64.Build.0 = Debug|x64
		{2F110C17-DA31-4642-86CD-D54618272D3F}.DVD-5|x86.ActiveCfg = Debug|x86
		{2F110C17-DA31-4642-86CD-D54618272D3F}.DVD-5|x86.Build.0 = Debug|x86
		{2F110C17-DA31-4642-86CD-D54618272D3F}.Release|Any CPU.ActiveCfg = Release|Any CPU
		{2F110C17-DA31-4642-86CD-D54618272D3F}.Release|Any CPU.Build.0 = Release|Any CPU
		{2F110C17-DA31-4642-86CD-D54618272D3F}.Release|x64.ActiveCfg = Release|x64
		{2F110C17-DA31-4642-86CD-D54618272D3F}.Release|x64.Build.0 = Release|x64
		{2F110C17-DA31-4642-86CD-D54618272D3F}.Release|x86.ActiveCfg = Release|x86
		{2F110C17-DA31-4642-86CD-D54618272D3F}.Release|x86.Build.0 = Release|x86
		{2F110C17-DA31-4642-86CD-D54618272D3F}.SingleImage|Any CPU.ActiveCfg = Release|Any CPU
		{2F110C17-DA31-4642-86CD-D54618272D3F}.SingleImage|Any CPU.Build.0 = Release|Any CPU
		{2F110C17-DA31-4642-86CD-D54618272D3F}.SingleImage|x64.ActiveCfg = Release|x64
		{2F110C17-DA31-4642-86CD-D54618272D3F}.SingleImage|x64.Build.0 = Release|x64
		{2F110C17-DA31-4642-86CD-D54618272D3F}.SingleImage|x86.ActiveCfg = Release|x86
		{2F110C17-DA31-4642-86CD-D54618272D3F}.SingleImage|x86.Build.0 = Release|x86
		{94E986AF-5284-4651-BACA-BB1F284A32D5}.CD_ROM|Any CPU.ActiveCfg = Release|Any CPU
		{94E986AF-5284-4651-BACA-BB1F284A32D5}.CD_ROM|Any CPU.Build.0 = Release|Any CPU
		{94E986AF-5284-4651-BACA-BB1F284A32D5}.CD_ROM|x64.ActiveCfg = Release|x64
		{94E986AF-5284-4651-BACA-BB1F284A32D5}.CD_ROM|x64.Build.0 = Release|x64
		{94E986AF-5284-4651-BACA-BB1F284A32D5}.CD_ROM|x86.ActiveCfg = Release|x86
		{94E986AF-5284-4651-BACA-BB1F284A32D5}.CD_ROM|x86.Build.0 = Release|x86
		{94E986AF-5284-4651-BACA-BB1F284A32D5}.Debug|Any CPU.ActiveCfg = Debug|Any CPU
		{94E986AF-5284-4651-BACA-BB1F284A32D5}.Debug|Any CPU.Build.0 = Debug|Any CPU
		{94E986AF-5284-4651-BACA-BB1F284A32D5}.Debug|x64.ActiveCfg = Debug|x64
		{94E986AF-5284-4651-BACA-BB1F284A32D5}.Debug|x64.Build.0 = Debug|x64
		{94E986AF-5284-4651-BACA-BB1F284A32D5}.Debug|x86.ActiveCfg = Debug|x86
		{94E986AF-5284-4651-BACA-BB1F284A32D5}.Debug|x86.Build.0 = Debug|x86
		{94E986AF-5284-4651-BACA-BB1F284A32D5}.DVD-5|Any CPU.ActiveCfg = Debug|Any CPU
		{94E986AF-5284-4651-BACA-BB1F284A32D5}.DVD-5|Any CPU.Build.0 = Debug|Any CPU
		{94E986AF-5284-4651-BACA-BB1F284A32D5}.DVD-5|x64.ActiveCfg = Debug|x64
		{94E986AF-5284-4651-BACA-BB1F284A32D5}.DVD-5|x64.Build.0 = Debug|x64
		{94E986AF-5284-4651-BACA-BB1F284A32D5}.DVD-5|x86.ActiveCfg = Debug|x86
		{94E986AF-5284-4651-BACA-BB1F284A32D5}.DVD-5|x86.Build.0 = Debug|x86
		{94E986AF-5284-4651-BACA-BB1F284A32D5}.Release|Any CPU.ActiveCfg = Release|Any CPU
		{94E986AF-5284-4651-BACA-BB1F284A32D5}.Release|Any CPU.Build.0 = Release|Any CPU
		{94E986AF-5284-4651-BACA-BB1F284A32D5}.Release|x64.ActiveCfg = Release|x64
		{94E986AF-5284-4651-BACA-BB1F284A32D5}.Release|x64.Build.0 = Release|x64
		{94E986AF-5284-4651-BACA-BB1F284A32D5}.Release|x86.ActiveCfg = Release|x86
		{94E986AF-5284-4651-BACA-BB1F284A32D5}.Release|x86.Build.0 = Release|x86
		{94E986AF-5284-4651-BACA-BB1F284A32D5}.SingleImage|Any CPU.ActiveCfg = Release|Any CPU
		{94E986AF-5284-4651-BACA-BB1F284A32D5}.SingleImage|Any CPU.Build.0 = Release|Any CPU
		{94E986AF-5284-4651-BACA-BB1F284A32D5}.SingleImage|x64.ActiveCfg = Release|x64
		{94E986AF-5284-4651-BACA-BB1F284A32D5}.SingleImage|x64.Build.0 = Release|x64
		{94E986AF-5284-4651-BACA-BB1F284A32D5}.SingleImage|x86.ActiveCfg = Release|x86
		{94E986AF-5284-4651-BACA-BB1F284A32D5}.SingleImage|x86.Build.0 = Release|x86
		{ECA2AB5E-B8E4-48B4-9296-92CC4F87C760}.CD_ROM|Any CPU.ActiveCfg = Release|Any CPU
		{ECA2AB5E-B8E4-48B4-9296-92CC4F87C760}.CD_ROM|Any CPU.Build.0 = Release|Any CPU
		{ECA2AB5E-B8E4-48B4-9296-92CC4F87C760}.CD_ROM|x64.ActiveCfg = Release|x64
		{ECA2AB5E-B8E4-48B4-9296-92CC4F87C760}.CD_ROM|x64.Build.0 = Release|x64
		{ECA2AB5E-B8E4-48B4-9296-92CC4F87C760}.CD_ROM|x86.ActiveCfg = Release|x86
		{ECA2AB5E-B8E4-48B4-9296-92CC4F87C760}.CD_ROM|x86.Build.0 = Release|x86
		{ECA2AB5E-B8E4-48B4-9296-92CC4F87C760}.Debug|Any CPU.ActiveCfg = Debug|Any CPU
		{ECA2AB5E-B8E4-48B4-9296-92CC4F87C760}.Debug|Any CPU.Build.0 = Debug|Any CPU
		{ECA2AB5E-B8E4-48B4-9296-92CC4F87C760}.Debug|x64.ActiveCfg = Debug|x64
		{ECA2AB5E-B8E4-48B4-9296-92CC4F87C760}.Debug|x64.Build.0 = Debug|x64
		{ECA2AB5E-B8E4-48B4-9296-92CC4F87C760}.Debug|x86.ActiveCfg = Debug|x86
		{ECA2AB5E-B8E4-48B4-9296-92CC4F87C760}.Debug|x86.Build.0 = Debug|x86
		{ECA2AB5E-B8E4-48B4-9296-92CC4F87C760}.DVD-5|Any CPU.ActiveCfg = Debug|Any CPU
		{ECA2AB5E-B8E4-48B4-9296-92CC4F87C760}.DVD-5|Any CPU.Build.0 = Debug|Any CPU
		{ECA2AB5E-B8E4-48B4-9296-92CC4F87C760}.DVD-5|x64.ActiveCfg = Debug|x64
		{ECA2AB5E-B8E4-48B4-9296-92CC4F87C760}.DVD-5|x64.Build.0 = Debug|x64
		{ECA2AB5E-B8E4-48B4-9296-92CC4F87C760}.DVD-5|x86.ActiveCfg = Debug|x86
		{ECA2AB5E-B8E4-48B4-9296-92CC4F87C760}.DVD-5|x86.Build.0 = Debug|x86
		{ECA2AB5E-B8E4-48B4-9296-92CC4F87C760}.Release|Any CPU.ActiveCfg = Release|Any CPU
		{ECA2AB5E-B8E4-48B4-9296-92CC4F87C760}.Release|Any CPU.Build.0 = Release|Any CPU
		{ECA2AB5E-B8E4-48B4-9296-92CC4F87C760}.Release|x64.ActiveCfg = Release|x64
		{ECA2AB5E-B8E4-48B4-9296-92CC4F87C760}.Release|x64.Build.0 = Release|x64
		{ECA2AB5E-B8E4-48B4-9296-92CC4F87C760}.Release|x86.ActiveCfg = Release|x86
		{ECA2AB5E-B8E4-48B4-9296-92CC4F87C760}.Release|x86.Build.0 = Release|x86
		{ECA2AB5E-B8E4-48B4-9296-92CC4F87C760}.SingleImage|Any CPU.ActiveCfg = Release|Any CPU
		{ECA2AB5E-B8E4-48B4-9296-92CC4F87C760}.SingleImage|Any CPU.Build.0 = Release|Any CPU
		{ECA2AB5E-B8E4-48B4-9296-92CC4F87C760}.SingleImage|x64.ActiveCfg = Release|x64
		{ECA2AB5E-B8E4-48B4-9296-92CC4F87C760}.SingleImage|x64.Build.0 = Release|x64
		{ECA2AB5E-B8E4-48B4-9296-92CC4F87C760}.SingleImage|x86.ActiveCfg = Release|x86
		{ECA2AB5E-B8E4-48B4-9296-92CC4F87C760}.SingleImage|x86.Build.0 = Release|x86
		{535D5EE0-B010-409C-8777-7ABEB360919D}.CD_ROM|Any CPU.ActiveCfg = Release|Any CPU
		{535D5EE0-B010-409C-8777-7ABEB360919D}.CD_ROM|Any CPU.Build.0 = Release|Any CPU
		{535D5EE0-B010-409C-8777-7ABEB360919D}.CD_ROM|x64.ActiveCfg = Release|x64
		{535D5EE0-B010-409C-8777-7ABEB360919D}.CD_ROM|x64.Build.0 = Release|x64
		{535D5EE0-B010-409C-8777-7ABEB360919D}.CD_ROM|x86.ActiveCfg = Release|x86
		{535D5EE0-B010-409C-8777-7ABEB360919D}.CD_ROM|x86.Build.0 = Release|x86
		{535D5EE0-B010-409C-8777-7ABEB360919D}.Debug|Any CPU.ActiveCfg = Debug|Any CPU
		{535D5EE0-B010-409C-8777-7ABEB360919D}.Debug|Any CPU.Build.0 = Debug|Any CPU
		{535D5EE0-B010-409C-8777-7ABEB360919D}.Debug|x64.ActiveCfg = Debug|x64
		{535D5EE0-B010-409C-8777-7ABEB360919D}.Debug|x64.Build.0 = Debug|x64
		{535D5EE0-B010-409C-8777-7ABEB360919D}.Debug|x86.ActiveCfg = Debug|x86
		{535D5EE0-B010-409C-8777-7ABEB360919D}.Debug|x86.Build.0 = Debug|x86
		{535D5EE0-B010-409C-8777-7ABEB360919D}.DVD-5|Any CPU.ActiveCfg = Debug|Any CPU
		{535D5EE0-B010-409C-8777-7ABEB360919D}.DVD-5|Any CPU.Build.0 = Debug|Any CPU
		{535D5EE0-B010-409C-8777-7ABEB360919D}.DVD-5|x64.ActiveCfg = Debug|x64
		{535D5EE0-B010-409C-8777-7ABEB360919D}.DVD-5|x64.Build.0 = Debug|x64
		{535D5EE0-B010-409C-8777-7ABEB360919D}.DVD-5|x86.ActiveCfg = Debug|x86
		{535D5EE0-B010-409C-8777-7ABEB360919D}.DVD-5|x86.Build.0 = Debug|x86
		{535D5EE0-B010-409C-8777-7ABEB360919D}.Release|Any CPU.ActiveCfg = Release|Any CPU
		{535D5EE0-B010-409C-8777-7ABEB360919D}.Release|Any CPU.Build.0 = Release|Any CPU
		{535D5EE0-B010-409C-8777-7ABEB360919D}.Release|x64.ActiveCfg = Release|x64
		{535D5EE0-B010-409C-8777-7ABEB360919D}.Release|x64.Build.0 = Release|x64
		{535D5EE0-B010-409C-8777-7ABEB360919D}.Release|x86.ActiveCfg = Release|x86
		{535D5EE0-B010-409C-8777-7ABEB360919D}.Release|x86.Build.0 = Release|x86
		{535D5EE0-B010-409C-8777-7ABEB360919D}.SingleImage|Any CPU.ActiveCfg = Release|Any CPU
		{535D5EE0-B010-409C-8777-7ABEB360919D}.SingleImage|Any CPU.Build.0 = Release|Any CPU
		{535D5EE0-B010-409C-8777-7ABEB360919D}.SingleImage|x64.ActiveCfg = Release|x64
		{535D5EE0-B010-409C-8777-7ABEB360919D}.SingleImage|x64.Build.0 = Release|x64
		{535D5EE0-B010-409C-8777-7ABEB360919D}.SingleImage|x86.ActiveCfg = Release|x86
		{535D5EE0-B010-409C-8777-7ABEB360919D}.SingleImage|x86.Build.0 = Release|x86
		{D9A93582-D397-421B-B22B-888E0FA78608}.CD_ROM|Any CPU.ActiveCfg = Release|Any CPU
		{D9A93582-D397-421B-B22B-888E0FA78608}.CD_ROM|Any CPU.Build.0 = Release|Any CPU
		{D9A93582-D397-421B-B22B-888E0FA78608}.CD_ROM|x64.ActiveCfg = Release|x64
		{D9A93582-D397-421B-B22B-888E0FA78608}.CD_ROM|x64.Build.0 = Release|x64
		{D9A93582-D397-421B-B22B-888E0FA78608}.CD_ROM|x86.ActiveCfg = Release|x86
		{D9A93582-D397-421B-B22B-888E0FA78608}.CD_ROM|x86.Build.0 = Release|x86
		{D9A93582-D397-421B-B22B-888E0FA78608}.Debug|Any CPU.ActiveCfg = Debug|Any CPU
		{D9A93582-D397-421B-B22B-888E0FA78608}.Debug|Any CPU.Build.0 = Debug|Any CPU
		{D9A93582-D397-421B-B22B-888E0FA78608}.Debug|x64.ActiveCfg = Debug|x64
		{D9A93582-D397-421B-B22B-888E0FA78608}.Debug|x64.Build.0 = Debug|x64
		{D9A93582-D397-421B-B22B-888E0FA78608}.Debug|x86.ActiveCfg = Debug|x86
		{D9A93582-D397-421B-B22B-888E0FA78608}.Debug|x86.Build.0 = Debug|x86
		{D9A93582-D397-421B-B22B-888E0FA78608}.DVD-5|Any CPU.ActiveCfg = Debug|Any CPU
		{D9A93582-D397-421B-B22B-888E0FA78608}.DVD-5|Any CPU.Build.0 = Debug|Any CPU
		{D9A93582-D397-421B-B22B-888E0FA78608}.DVD-5|x64.ActiveCfg = Debug|x64
		{D9A93582-D397-421B-B22B-888E0FA78608}.DVD-5|x64.Build.0 = Debug|x64
		{D9A93582-D397-421B-B22B-888E0FA78608}.DVD-5|x86.ActiveCfg = Debug|x86
		{D9A93582-D397-421B-B22B-888E0FA78608}.DVD-5|x86.Build.0 = Debug|x86
		{D9A93582-D397-421B-B22B-888E0FA78608}.Release|Any CPU.ActiveCfg = Release|Any CPU
		{D9A93582-D397-421B-B22B-888E0FA78608}.Release|Any CPU.Build.0 = Release|Any CPU
		{D9A93582-D397-421B-B22B-888E0FA78608}.Release|x64.ActiveCfg = Release|x64
		{D9A93582-D397-421B-B22B-888E0FA78608}.Release|x64.Build.0 = Release|x64
		{D9A93582-D397-421B-B22B-888E0FA78608}.Release|x86.ActiveCfg = Release|x86
		{D9A93582-D397-421B-B22B-888E0FA78608}.Release|x86.Build.0 = Release|x86
		{D9A93582-D397-421B-B22B-888E0FA78608}.SingleImage|Any CPU.ActiveCfg = Release|Any CPU
		{D9A93582-D397-421B-B22B-888E0FA78608}.SingleImage|Any CPU.Build.0 = Release|Any CPU
		{D9A93582-D397-421B-B22B-888E0FA78608}.SingleImage|x64.ActiveCfg = Release|x64
		{D9A93582-D397-421B-B22B-888E0FA78608}.SingleImage|x64.Build.0 = Release|x64
		{D9A93582-D397-421B-B22B-888E0FA78608}.SingleImage|x86.ActiveCfg = Release|x86
		{D9A93582-D397-421B-B22B-888E0FA78608}.SingleImage|x86.Build.0 = Release|x86
		{4C2515A8-F071-4977-8B41-E741803594CA}.CD_ROM|Any CPU.ActiveCfg = Release|Any CPU
		{4C2515A8-F071-4977-8B41-E741803594CA}.CD_ROM|Any CPU.Build.0 = Release|Any CPU
		{4C2515A8-F071-4977-8B41-E741803594CA}.CD_ROM|x64.ActiveCfg = Release|x64
		{4C2515A8-F071-4977-8B41-E741803594CA}.CD_ROM|x64.Build.0 = Release|x64
		{4C2515A8-F071-4977-8B41-E741803594CA}.CD_ROM|x86.ActiveCfg = Release|x86
		{4C2515A8-F071-4977-8B41-E741803594CA}.CD_ROM|x86.Build.0 = Release|x86
		{4C2515A8-F071-4977-8B41-E741803594CA}.Debug|Any CPU.ActiveCfg = Debug|Any CPU
		{4C2515A8-F071-4977-8B41-E741803594CA}.Debug|Any CPU.Build.0 = Debug|Any CPU
		{4C2515A8-F071-4977-8B41-E741803594CA}.Debug|x64.ActiveCfg = Debug|x64
		{4C2515A8-F071-4977-8B41-E741803594CA}.Debug|x64.Build.0 = Debug|x64
		{4C2515A8-F071-4977-8B41-E741803594CA}.Debug|x86.ActiveCfg = Debug|x86
		{4C2515A8-F071-4977-8B41-E741803594CA}.Debug|x86.Build.0 = Debug|x86
		{4C2515A8-F071-4977-8B41-E741803594CA}.DVD-5|Any CPU.ActiveCfg = Debug|Any CPU
		{4C2515A8-F071-4977-8B41-E741803594CA}.DVD-5|Any CPU.Build.0 = Debug|Any CPU
		{4C2515A8-F071-4977-8B41-E741803594CA}.DVD-5|x64.ActiveCfg = Debug|x64
		{4C2515A8-F071-4977-8B41-E741803594CA}.DVD-5|x64.Build.0 = Debug|x64
		{4C2515A8-F071-4977-8B41-E741803594CA}.DVD-5|x86.ActiveCfg = Debug|x86
		{4C2515A8-F071-4977-8B41-E741803594CA}.DVD-5|x86.Build.0 = Debug|x86
		{4C2515A8-F071-4977-8B41-E741803594CA}.Release|Any CPU.ActiveCfg = Release|Any CPU
		{4C2515A8-F071-4977-8B41-E741803594CA}.Release|Any CPU.Build.0 = Release|Any CPU
		{4C2515A8-F071-4977-8B41-E741803594CA}.Release|x64.ActiveCfg = Release|x64
		{4C2515A8-F071-4977-8B41-E741803594CA}.Release|x64.Build.0 = Release|x64
		{4C2515A8-F071-4977-8B41-E741803594CA}.Release|x86.ActiveCfg = Release|x86
		{4C2515A8-F071-4977-8B41-E741803594CA}.Release|x86.Build.0 = Release|x86
		{4C2515A8-F071-4977-8B41-E741803594CA}.SingleImage|Any CPU.ActiveCfg = Release|Any CPU
		{4C2515A8-F071-4977-8B41-E741803594CA}.SingleImage|Any CPU.Build.0 = Release|Any CPU
		{4C2515A8-F071-4977-8B41-E741803594CA}.SingleImage|x64.ActiveCfg = Release|x64
		{4C2515A8-F071-4977-8B41-E741803594CA}.SingleImage|x64.Build.0 = Release|x64
		{4C2515A8-F071-4977-8B41-E741803594CA}.SingleImage|x86.ActiveCfg = Release|x86
		{4C2515A8-F071-4977-8B41-E741803594CA}.SingleImage|x86.Build.0 = Release|x86
	EndGlobalSection
	GlobalSection(SolutionProperties) = preSolution
		HideSolutionNode = FALSE
	EndGlobalSection
	GlobalSection(NestedProjects) = preSolution
		{2F110C17-DA31-4642-86CD-D54618272D3F} = {F57F06AE-7AE0-4647-B5D7-C189042F580C}
		{94E986AF-5284-4651-BACA-BB1F284A32D5} = {F57F06AE-7AE0-4647-B5D7-C189042F580C}
		{ECA2AB5E-B8E4-48B4-9296-92CC4F87C760} = {F57F06AE-7AE0-4647-B5D7-C189042F580C}
		{535D5EE0-B010-409C-8777-7ABEB360919D} = {F57F06AE-7AE0-4647-B5D7-C189042F580C}
		{D9A93582-D397-421B-B22B-888E0FA78608} = {F57F06AE-7AE0-4647-B5D7-C189042F580C}
	EndGlobalSection
	GlobalSection(SubversionScc) = preSolution
		Svn-Managed = True
		Manager = AnkhSVN - Subversion Support for Visual Studio
	EndGlobalSection
EndGlobal
